
Microsoft Visual Studio Solution File, Format Version 12.00
# Visual Studio Version 17
VisualStudioVersion = 17.14.36603.0 d17.14
MinimumVisualStudioVersion = 10.0.40219.1
Project("{FAE04EC0-301F-11D3-BF4B-00C04F79EFBC}") = "miPrimerApiRestfull", "miPrimerApiRestfull\miPrimerApiRestfull.csproj", "{87884666-5E74-4E3C-8969-7816DE8287BD}"
EndProject
Global
	GlobalSection(SolutionConfigurationPlatforms) = preSolution
		Debug|Any CPU = Debug|Any CPU
		Release|Any CPU = Release|Any CPU
	EndGlobalSection
	GlobalSection(ProjectConfigurationPlatforms) = postSolution
		{87884666-5E74-4E3C-8969-7816DE8287BD}.Debug|Any CPU.ActiveCfg = Debug|Any CPU
		{87884666-5E74-4E3C-8969-7816DE8287BD}.Debug|Any CPU.Build.0 = Debug|Any CPU
		{87884666-5E74-4E3C-8969-7816DE8287BD}.Release|Any CPU.ActiveCfg = Release|Any CPU
		{87884666-5E74-4E3C-8969-7816DE8287BD}.Release|Any CPU.Build.0 = Release|Any CPU
	EndGlobalSection
	GlobalSection(SolutionProperties) = preSolution
		HideSolutionNode = FALSE
	EndGlobalSection
	GlobalSection(ExtensibilityGlobals) = postSolution
		SolutionGuid = {F3900516-1BB7-434B-9CB4-E0E1D999A18A}
	EndGlobalSection
EndGlobal
